{
  "nodes": {
    "hjem": {
      "inputs": {
        "nixpkgs": [
          "rum",
          "nixpkgs"
        ],
        "smfh": [
          "smfh"
        ]
      },
      "locked": {
        "lastModified": 1756255328,
        "narHash": "sha256-WJ70Dv+tJjIl7mMOqUgcdcz+RrujDRoeKptiU6oh1lI=",
        "owner": "feel-co",
        "repo": "hjem",
        "rev": "2426d6ad20e767895e936ed0c9563cc4e2b6c96f",
        "type": "github"
      },
      "original": {
        "owner": "feel-co",
        "repo": "hjem",
        "type": "github"
      }
    },
    "home-manager": {
      "inputs": {
        "nixpkgs": [
          "nixpkgs"
        ]
      },
      "locked": {
        "lastModified": 1774647770,
        "narHash": "sha256-UNNi14XiqRWWjO8ykbFwA5wRwx7EscsC+GItOVpuGjc=",
        "owner": "nix-community",
        "repo": "home-manager",
        "rev": "02371c05a04a2876cf92e2d67a259e8f87399068",
        "type": "github"
      },
      "original": {
        "owner": "nix-community",
        "repo": "home-manager",
        "type": "github"
      }
    },
    "ndg": {
      "inputs": {
        "nixpkgs": "nixpkgs_2"
      },
      "locked": {
        "lastModified": 1766342086,
        "narHash": "sha256-vKuCSU8BCUxG8S2/EyOXrCbIQjmY07Jb5Cq3ehnLsnY=",
        "owner": "feel-co",
        "repo": "ndg",
        "rev": "696647a8f0ea1451c02de21b6bdf2a2c9f238d85",
        "type": "github"
      },
      "original": {
        "owner": "feel-co",
        "ref": "v2.5.1",
        "repo": "ndg",
        "type": "github"
      }
    },
    "nixpkgs": {
      "locked": {
        "lastModified": 1774386573,
        "narHash": "sha256-4hAV26quOxdC6iyG7kYaZcM3VOskcPUrdCQd/nx8obc=",
        "owner": "NixOS",
        "repo": "nixpkgs",
        "rev": "46db2e09e1d3f113a13c0d7b81e2f221c63b8ce9",
        "type": "github"
      },
      "original": {
        "owner": "NixOS",
        "ref": "nixos-unstable",
        "repo": "nixpkgs",
        "type": "github"
      }
    },
    "nixpkgs_2": {
      "locked": {
        "lastModified": 1766070988,
        "narHash": "sha256-G/WVghka6c4bAzMhTwT2vjLccg/awmHkdKSd2JrycLc=",
        "owner": "NixOS",
        "repo": "nixpkgs",
        "rev": "c6245e83d836d0433170a16eb185cefe0572f8b8",
        "type": "github"
      },
      "original": {
        "owner": "NixOS",
        "ref": "nixos-unstable",
        "repo": "nixpkgs",
        "type": "github"
      }
    },
    "root": {
      "inputs": {
        "home-manager": "home-manager",
        "nixpkgs": "nixpkgs",
        "rum": "rum",
        "smfh": "smfh"
      }
    },
    "rum": {
      "inputs": {
        "hjem": "hjem",
        "ndg": "ndg",
        "nixpkgs": [
          "nixpkgs"
        ],
        "treefmt-nix": "treefmt-nix"
      },
      "locked": {
        "lastModified": 1772915389,
        "narHash": "sha256-xM7gYCLOUH2fnPgdst7HcPpEn6GlEOf7nelJVxJZ040=",
        "owner": "snugnug",
        "repo": "hjem-rum",
        "rev": "3506a77b5cbb35640f7dac595f98b10bdbe07b15",
        "type": "github"
      },
      "original": {
        "owner": "snugnug",
        "repo": "hjem-rum",
        "type": "github"
      }
    },
    "rust-overlay": {
      "inputs": {
        "nixpkgs": [
          "smfh",
          "nixpkgs"
        ]
      },
      "locked": {
        "lastModified": 1773889863,
        "narHash": "sha256-tSsmZOHBgq4qfu5MNCAEsKZL1cI4avNLw2oUTXWeb74=",
        "owner": "oxalica",
        "repo": "rust-overlay",
        "rev": "dbfd51be2692cb7022e301d14c139accb4ee63f0",
        "type": "github"
      },
      "original": {
        "owner": "oxalica",
        "repo": "rust-overlay",
        "type": "github"
      }
    },
    "smfh": {
      "inputs": {
        "nixpkgs": [
          "nixpkgs"
        ],
        "rust-overlay": "rust-overlay",
        "systems": "systems"
      },
      "locked": {
        "lastModified": 1773962779,
        "narHash": "sha256-Zq9qtW10p2HjNlrcBajONXrdiQxhZWqCRs8LNyM1adA=",
        "owner": "feel-co",
        "repo": "smfh",
        "rev": "5a1081574ebd34c46d1abe4e9665331b3fcda6a2",
        "type": "github"
      },
      "original": {
        "owner": "feel-co",
        "repo": "smfh",
        "type": "github"
      }
    },
    "systems": {
      "locked": {
        "lastModified": 1681028828,
        "narHash": "sha256-Vy1rq5AaRuLzOxct8nz4T6wlgyUR7zLU309k9mBC768=",
        "owner": "nix-systems",
        "repo": "default",
        "rev": "da67096a3b9bf56a91d16901293e51ba5b49a27e",
        "type": "github"
      },
      "original": {
        "owner": "nix-systems",
        "repo": "default",
        "type": "github"
      }
    },
    "treefmt-nix": {
      "inputs": {
        "nixpkgs": [
          "rum",
          "nixpkgs"
        ]
      },
      "locked": {
        "lastModified": 1746216483,
        "narHash": "sha256-4h3s1L/kKqt3gMDcVfN8/4v2jqHrgLIe4qok4ApH5x4=",
        "owner": "numtide",
        "repo": "treefmt-nix",
        "rev": "29ec5026372e0dec56f890e50dbe4f45930320fd",
        "type": "github"
      },
      "original": {
        "owner": "numtide",
        "repo": "treefmt-nix",
        "type": "github"
      }
    }
  },
  "root": "root",
  "version": 7
}
