{
  "nodes": {
    "hjem": {
      "inputs": {
        "nix-darwin": [
          "rum",
          "nix-darwin"
        ],
        "nixpkgs": [
          "rum",
          "nixpkgs"
        ]
      },
      "locked": {
        "lastModified": 1779575248,
        "narHash": "sha256-Zh9+WMsxDbLVWwhccXjLW+PYO/5ZyUFQLZdYydycbx8=",
        "owner": "feel-co",
        "repo": "hjem",
        "rev": "77bf113e3ce91c6632def66222198561437853dc",
        "type": "github"
      },
      "original": {
        "owner": "feel-co",
        "repo": "hjem",
        "type": "github"
      }
    },
    "home-manager": {
      "inputs": {
        "nixpkgs": [
          "nixpkgs"
        ]
      },
      "locked": {
        "lastModified": 1784789275,
        "narHash": "sha256-cgRTWuG+u1tBPhm01JrId2k0Bni09phVJ1Q0BZlRd7M=",
        "owner": "nix-community",
        "repo": "home-manager",
        "rev": "3b0e6bbd65869af1beadf5963a99befc179d209f",
        "type": "github"
      },
      "original": {
        "owner": "nix-community",
        "repo": "home-manager",
        "type": "github"
      }
    },
    "nix-darwin": {
      "inputs": {
        "nixpkgs": [
          "rum",
          "nixpkgs"
        ]
      },
      "locked": {
        "lastModified": 1779036909,
        "narHash": "sha256-zXcwYQGCT6pzinK+1dBB2ekTVtfxGZAapb3Evdcu4fY=",
        "owner": "nix-darwin",
        "repo": "nix-darwin",
        "rev": "56c666e108467d87d13508936aade6d567f2a501",
        "type": "github"
      },
      "original": {
        "owner": "nix-darwin",
        "repo": "nix-darwin",
        "type": "github"
      }
    },
    "nixpkgs": {
      "locked": {
        "lastModified": 1784497964,
        "narHash": "sha256-vlHUuqAcbcH2RKmHbPiuQzbv1pnzzavXnI62RD0bqCU=",
        "owner": "NixOS",
        "repo": "nixpkgs",
        "rev": "241313f4e8e508cb9b13278c2b0fa25b9ca27163",
        "type": "github"
      },
      "original": {
        "owner": "NixOS",
        "ref": "nixos-unstable",
        "repo": "nixpkgs",
        "type": "github"
      }
    },
    "root": {
      "inputs": {
        "home-manager": "home-manager",
        "nixpkgs": "nixpkgs",
        "rum": "rum",
        "smfh": "smfh"
      }
    },
    "rum": {
      "inputs": {
        "hjem": "hjem",
        "nix-darwin": "nix-darwin",
        "nixpkgs": [
          "nixpkgs"
        ]
      },
      "locked": {
        "lastModified": 1784361899,
        "narHash": "sha256-QIzbnJIwy5cMYvPmLYPA4ar0lhficYLKZ6ytcHK90Uo=",
        "owner": "snugnug",
        "repo": "hjem-rum",
        "rev": "73f6d1c01fe94e3de1cb3a84b9346da52f483c60",
        "type": "github"
      },
      "original": {
        "owner": "snugnug",
        "repo": "hjem-rum",
        "type": "github"
      }
    },
    "rust-overlay": {
      "inputs": {
        "nixpkgs": [
          "smfh",
          "nixpkgs"
        ]
      },
      "locked": {
        "lastModified": 1781147846,
        "narHash": "sha256-hBdiQYd40xRtBWBiXHUxuQYWmJBiK19YO1FiYgrmEo0=",
        "owner": "oxalica",
        "repo": "rust-overlay",
        "rev": "107c334f141854f563f8adf1db781dc453d92639",
        "type": "github"
      },
      "original": {
        "owner": "oxalica",
        "repo": "rust-overlay",
        "type": "github"
      }
    },
    "smfh": {
      "inputs": {
        "nixpkgs": [
          "nixpkgs"
        ],
        "rust-overlay": "rust-overlay",
        "systems": "systems"
      },
      "locked": {
        "lastModified": 1784250334,
        "narHash": "sha256-tU8VxIXYgqN1Wt/P1IWTylRtg2ZYRN4hqEkHwL+NJ0Y=",
        "owner": "feel-co",
        "repo": "smfh",
        "rev": "3fef284b6d973aac3473861ac70a60c4ab56e743",
        "type": "github"
      },
      "original": {
        "owner": "feel-co",
        "repo": "smfh",
        "type": "github"
      }
    },
    "systems": {
      "locked": {
        "lastModified": 1681028828,
        "narHash": "sha256-Vy1rq5AaRuLzOxct8nz4T6wlgyUR7zLU309k9mBC768=",
        "owner": "nix-systems",
        "repo": "default",
        "rev": "da67096a3b9bf56a91d16901293e51ba5b49a27e",
        "type": "github"
      },
      "original": {
        "owner": "nix-systems",
        "repo": "default",
        "type": "github"
      }
    }
  },
  "root": "root",
  "version": 7
}
