{
  "nodes": {
    "hjem": {
      "inputs": {
        "nix-darwin": [
          "rum",
          "nix-darwin"
        ],
        "nixpkgs": [
          "rum",
          "nixpkgs"
        ]
      },
      "locked": {
        "lastModified": 1777732535,
        "narHash": "sha256-gaHRkPaGAAjc6D4sZ+/haEKMJGO79tu4ROBlyOjXuco=",
        "owner": "feel-co",
        "repo": "hjem",
        "rev": "ab977051adce0bf9f7c1032327e72f0febda6f7b",
        "type": "github"
      },
      "original": {
        "owner": "feel-co",
        "repo": "hjem",
        "type": "github"
      }
    },
    "home-manager": {
      "inputs": {
        "nixpkgs": [
          "nixpkgs"
        ]
      },
      "locked": {
        "lastModified": 1779580960,
        "narHash": "sha256-/EG2rRahtxdoKKzGPGqaymVB96kBBYhygatEAbsoqaM=",
        "owner": "nix-community",
        "repo": "home-manager",
        "rev": "6e92bf094d45bc33d754e2b0f75d9ca1827cc363",
        "type": "github"
      },
      "original": {
        "owner": "nix-community",
        "repo": "home-manager",
        "type": "github"
      }
    },
    "nix-darwin": {
      "inputs": {
        "nixpkgs": [
          "rum",
          "nixpkgs"
        ]
      },
      "locked": {
        "lastModified": 1777780666,
        "narHash": "sha256-8wURyQMdDkGUarSTKOGdCuFfYiwa3HbzwscUfn3STDE=",
        "owner": "nix-darwin",
        "repo": "nix-darwin",
        "rev": "8c62fba0854ba15c8917aed18894dbccb48a3777",
        "type": "github"
      },
      "original": {
        "owner": "nix-darwin",
        "repo": "nix-darwin",
        "type": "github"
      }
    },
    "nixpkgs": {
      "locked": {
        "lastModified": 1779508470,
        "narHash": "sha256-Ap9KJX+5xHIn3bPIpfNgT6MEXdAECECwo4/rmlQD74M=",
        "owner": "NixOS",
        "repo": "nixpkgs",
        "rev": "29916453413845e54a65b8a1cf996842300cd299",
        "type": "github"
      },
      "original": {
        "owner": "NixOS",
        "ref": "nixos-unstable",
        "repo": "nixpkgs",
        "type": "github"
      }
    },
    "root": {
      "inputs": {
        "home-manager": "home-manager",
        "nixpkgs": "nixpkgs",
        "rum": "rum",
        "smfh": "smfh"
      }
    },
    "rum": {
      "inputs": {
        "hjem": "hjem",
        "nix-darwin": "nix-darwin",
        "nixpkgs": [
          "nixpkgs"
        ]
      },
      "locked": {
        "lastModified": 1779218498,
        "narHash": "sha256-8HwHWtU2fsigSdpNL8XzfPOtc4n2DgUOHwMySaTxxrA=",
        "owner": "snugnug",
        "repo": "hjem-rum",
        "rev": "921b561a7e847d6c9c669fdea84dbf626c4b66fb",
        "type": "github"
      },
      "original": {
        "owner": "snugnug",
        "repo": "hjem-rum",
        "type": "github"
      }
    },
    "rust-overlay": {
      "inputs": {
        "nixpkgs": [
          "smfh",
          "nixpkgs"
        ]
      },
      "locked": {
        "lastModified": 1779506148,
        "narHash": "sha256-OffE5yuMrSW71zIJNLvtl9MCO6WTAHEjlFPUCvkd/QM=",
        "owner": "oxalica",
        "repo": "rust-overlay",
        "rev": "d9973e2ab49747fada06ebbe26cda27eb0220cf1",
        "type": "github"
      },
      "original": {
        "owner": "oxalica",
        "repo": "rust-overlay",
        "type": "github"
      }
    },
    "smfh": {
      "inputs": {
        "nixpkgs": [
          "nixpkgs"
        ],
        "rust-overlay": "rust-overlay",
        "systems": "systems"
      },
      "locked": {
        "lastModified": 1779569760,
        "narHash": "sha256-DI90fBAmWWrmAAGhCjDG0h/3qKDF1yjveX3W6zkxFOo=",
        "owner": "feel-co",
        "repo": "smfh",
        "rev": "55a2517efb51e530d3bc011e2a5617ff7571eca0",
        "type": "github"
      },
      "original": {
        "owner": "feel-co",
        "repo": "smfh",
        "type": "github"
      }
    },
    "systems": {
      "locked": {
        "lastModified": 1681028828,
        "narHash": "sha256-Vy1rq5AaRuLzOxct8nz4T6wlgyUR7zLU309k9mBC768=",
        "owner": "nix-systems",
        "repo": "default",
        "rev": "da67096a3b9bf56a91d16901293e51ba5b49a27e",
        "type": "github"
      },
      "original": {
        "owner": "nix-systems",
        "repo": "default",
        "type": "github"
      }
    }
  },
  "root": "root",
  "version": 7
}
